// !$*UTF8*$!
{
	archiveVersion = 1;
	classes = {
	};
	objectVersion = 50;
	objects = {

/* Begin PBXBuildFile section */
		4A547A27262B637600185F7A /* MyScene.sks in Resources */ = {isa = PBXBuildFile; fileRef = 4A547A26262B637600185F7A /* MyScene.sks */; };
		4A5E5636262B3BEF0083CE43 /* PenballState.swift in Sources */ = {isa = PBXBuildFile; fileRef = 4A5E5635262B3BEF0083CE43 /* PenballState.swift */; };
		4A5E5639262B5E350083CE43 /* PenballObjectType.swift in Sources */ = {isa = PBXBuildFile; fileRef = 4A5E5638262B5E350083CE43 /* PenballObjectType.swift */; };
		4ACE95D82629358F00A96237 /* PenballApp.swift in Sources */ = {isa = PBXBuildFile; fileRef = 4ACE95D72629358F00A96237 /* PenballApp.swift */; };
		4ACE95DC2629359500A96237 /* Assets.xcassets in Resources */ = {isa = PBXBuildFile; fileRef = 4ACE95DB2629359500A96237 /* Assets.xcassets */; };
		4ACE95DF2629359500A96237 /* Preview Assets.xcassets in Resources */ = {isa = PBXBuildFile; fileRef = 4ACE95DE2629359500A96237 /* Preview Assets.xcassets */; };
		4ACE95F02629371600A96237 /* PenballLib.h in Headers */ = {isa = PBXBuildFile; fileRef = 4ACE95EE2629371600A96237 /* PenballLib.h */; settings = {ATTRIBUTES = (Public, ); }; };
		4ACE95F32629371600A96237 /* PenballLib.framework in Frameworks */ = {isa = PBXBuildFile; fileRef = 4ACE95EC2629371600A96237 /* PenballLib.framework */; };
		4ACE95F42629371600A96237 /* PenballLib.framework in Embed Frameworks */ = {isa = PBXBuildFile; fileRef = 4ACE95EC2629371600A96237 /* PenballLib.framework */; settings = {ATTRIBUTES = (CodeSignOnCopy, RemoveHeadersOnCopy, ); }; };
		4ACE95FB2629377700A96237 /* PenballView.swift in Sources */ = {isa = PBXBuildFile; fileRef = 4ACE95FA2629377700A96237 /* PenballView.swift */; };
		4ACE96032629454900A96237 /* PenballSpriteView.swift in Sources */ = {isa = PBXBuildFile; fileRef = 4ACE96022629454900A96237 /* PenballSpriteView.swift */; };
		4ACE9606262945C200A96237 /* PenballScene.swift in Sources */ = {isa = PBXBuildFile; fileRef = 4ACE9605262945C200A96237 /* PenballScene.swift */; };
		4ACE9609262946CD00A96237 /* PenballCanvasView.swift in Sources */ = {isa = PBXBuildFile; fileRef = 4ACE9608262946CD00A96237 /* PenballCanvasView.swift */; };
/* End PBXBuildFile section */

/* Begin PBXContainerItemProxy section */
		4ACE95F12629371600A96237 /* PBXContainerItemProxy */ = {
			isa = PBXContainerItemProxy;
			containerPortal = 4ACE95CC2629358F00A96237 /* Project object */;
			proxyType = 1;
			remoteGlobalIDString = 4ACE95EB2629371600A96237;
			remoteInfo = PenballLib;
		};
/* End PBXContainerItemProxy section */

/* Begin PBXCopyFilesBuildPhase section */
		4ACE95F82629371600A96237 /* Embed Frameworks */ = {
			isa = PBXCopyFilesBuildPhase;
			buildActionMask = 2147483647;
			dstPath = "";
			dstSubfolderSpec = 10;
			files = (
				4ACE95F42629371600A96237 /* PenballLib.framework in Embed Frameworks */,
			);
			name = "Embed Frameworks";
			runOnlyForDeploymentPostprocessing = 0;
		};
/* End PBXCopyFilesBuildPhase section */

/* Begin PBXFileReference section */
		4A547A26262B637600185F7A /* MyScene.sks */ = {isa = PBXFileReference; lastKnownFileType = file.sks; path = MyScene.sks; sourceTree = "<group>"; };
		4A5E5635262B3BEF0083CE43 /* PenballState.swift */ = {isa = PBXFileReference; lastKnownFileType = sourcecode.swift; path = PenballState.swift; sourceTree = "<group>"; };
		4A5E5638262B5E350083CE43 /* PenballObjectType.swift */ = {isa = PBXFileReference; lastKnownFileType = sourcecode.swift; path = PenballObjectType.swift; sourceTree = "<group>"; };
		4AC6C89D2629F9EA005DFE5E /* Penball.entitlements */ = {isa = PBXFileReference; lastKnownFileType = text.plist.entitlements; path = Penball.entitlements; sourceTree = "<group>"; };
		4ACE95D42629358F00A96237 /* Penball.app */ = {isa = PBXFileReference; explicitFileType = wrapper.application; includeInIndex = 0; path = Penball.app; sourceTree = BUILT_PRODUCTS_DIR; };
		4ACE95D72629358F00A96237 /* PenballApp.swift */ = {isa = PBXFileReference; lastKnownFileType = sourcecode.swift; path = PenballApp.swift; sourceTree = "<group>"; };
		4ACE95DB2629359500A96237 /* Assets.xcassets */ = {isa = PBXFileReference; lastKnownFileType = folder.assetcatalog; path = Assets.xcassets; sourceTree = "<group>"; };
		4ACE95DE2629359500A96237 /* Preview Assets.xcassets */ = {isa = PBXFileReference; lastKnownFileType = folder.assetcatalog; path = "Preview Assets.xcassets"; sourceTree = "<group>"; };
		4ACE95E02629359500A96237 /* Info.plist */ = {isa = PBXFileReference; lastKnownFileType = text.plist.xml; path = Info.plist; sourceTree = "<group>"; };
		4ACE95EC2629371600A96237 /* PenballLib.framework */ = {isa = PBXFileReference; explicitFileType = wrapper.framework; includeInIndex = 0; path = PenballLib.framework; sourceTree = BUILT_PRODUCTS_DIR; };
		4ACE95EE2629371600A96237 /* PenballLib.h */ = {isa = PBXFileReference; lastKnownFileType = sourcecode.c.h; path = PenballLib.h; sourceTree = "<group>"; };
		4ACE95EF2629371600A96237 /* Info.plist */ = {isa = PBXFileReference; lastKnownFileType = text.plist.xml; path = Info.plist; sourceTree = "<group>"; };
		4ACE95FA2629377700A96237 /* PenballView.swift */ = {isa = PBXFileReference; lastKnownFileType = sourcecode.swift; path = PenballView.swift; sourceTree = "<group>"; };
		4ACE96022629454900A96237 /* PenballSpriteView.swift */ = {isa = PBXFileReference; lastKnownFileType = sourcecode.swift; path = PenballSpriteView.swift; sourceTree = "<group>"; };
		4ACE9605262945C200A96237 /* PenballScene.swift */ = {isa = PBXFileReference; indentWidth = 4; lastKnownFileType = sourcecode.swift; path = PenballScene.swift; sourceTree = "<group>"; };
		4ACE9608262946CD00A96237 /* PenballCanvasView.swift */ = {isa = PBXFileReference; lastKnownFileType = sourcecode.swift; path = PenballCanvasView.swift; sourceTree = "<group>"; };
/* End PBXFileReference section */

/* Begin PBXFrameworksBuildPhase section */
		4ACE95D12629358F00A96237 /* Frameworks */ = {
			isa = PBXFrameworksBuildPhase;
			buildActionMask = 2147483647;
			files = (
				4ACE95F32629371600A96237 /* PenballLib.framework in Frameworks */,
			);
			runOnlyForDeploymentPostprocessing = 0;
		};
		4ACE95E92629371600A96237 /* Frameworks */ = {
			isa = PBXFrameworksBuildPhase;
			buildActionMask = 2147483647;
			files = (
			);
			runOnlyForDeploymentPostprocessing = 0;
		};
/* End PBXFrameworksBuildPhase section */

/* Begin PBXGroup section */
		4ACE95CB2629358F00A96237 = {
			isa = PBXGroup;
			children = (
				4ACE95D62629358F00A96237 /* Penball */,
				4ACE95ED2629371600A96237 /* PenballLib */,
				4ACE95D52629358F00A96237 /* Products */,
			);
			sourceTree = "<group>";
		};
		4ACE95D52629358F00A96237 /* Products */ = {
			isa = PBXGroup;
			children = (
				4ACE95D42629358F00A96237 /* Penball.app */,
				4ACE95EC2629371600A96237 /* PenballLib.framework */,
			);
			name = Products;
			sourceTree = "<group>";
		};
		4ACE95D62629358F00A96237 /* Penball */ = {
			isa = PBXGroup;
			children = (
				4AC6C89D2629F9EA005DFE5E /* Penball.entitlements */,
				4ACE95D72629358F00A96237 /* PenballApp.swift */,
				4A547A26262B637600185F7A /* MyScene.sks */,
				4ACE95DB2629359500A96237 /* Assets.xcassets */,
				4ACE95E02629359500A96237 /* Info.plist */,
				4ACE95DD2629359500A96237 /* Preview Content */,
			);
			path = Penball;
			sourceTree = "<group>";
		};
		4ACE95DD2629359500A96237 /* Preview Content */ = {
			isa = PBXGroup;
			children = (
				4ACE95DE2629359500A96237 /* Preview Assets.xcassets */,
			);
			path = "Preview Content";
			sourceTree = "<group>";
		};
		4ACE95ED2629371600A96237 /* PenballLib */ = {
			isa = PBXGroup;
			children = (
				4ACE95EE2629371600A96237 /* PenballLib.h */,
				4ACE95FA2629377700A96237 /* PenballView.swift */,
				4A5E5635262B3BEF0083CE43 /* PenballState.swift */,
				4ACE9608262946CD00A96237 /* PenballCanvasView.swift */,
				4ACE96022629454900A96237 /* PenballSpriteView.swift */,
				4ACE9605262945C200A96237 /* PenballScene.swift */,
				4A5E5638262B5E350083CE43 /* PenballObjectType.swift */,
				4ACE95EF2629371600A96237 /* Info.plist */,
			);
			path = PenballLib;
			sourceTree = "<group>";
		};
/* End PBXGroup section */

/* Begin PBXHeadersBuildPhase section */
		4ACE95E72629371600A96237 /* Headers */ = {
			isa = PBXHeadersBuildPhase;
			buildActionMask = 2147483647;
			files = (
				4ACE95F02629371600A96237 /* PenballLib.h in Headers */,
			);
			runOnlyForDeploymentPostprocessing = 0;
		};
/* End PBXHeadersBuildPhase section */

/* Begin PBXNativeTarget section */
		4ACE95D32629358F00A96237 /* Penball */ = {
			isa = PBXNativeTarget;
			buildConfigurationList = 4ACE95E32629359500A96237 /* Build configuration list for PBXNativeTarget "Penball" */;
			buildPhases = (
				4ACE95D02629358F00A96237 /* Sources */,
				4ACE95D12629358F00A96237 /* Frameworks */,
				4ACE95D22629358F00A96237 /* Resources */,
				4ACE95F82629371600A96237 /* Embed Frameworks */,
			);
			buildRules = (
			);
			dependencies = (
				4ACE95F22629371600A96237 /* PBXTargetDependency */,
			);
			name = Penball;
			productName = Penball;
			productReference = 4ACE95D42629358F00A96237 /* Penball.app */;
			productType = "com.apple.product-type.application";
		};
		4ACE95EB2629371600A96237 /* PenballLib */ = {
			isa = PBXNativeTarget;
			buildConfigurationList = 4ACE95F52629371600A96237 /* Build configuration list for PBXNativeTarget "PenballLib" */;
			buildPhases = (
				4ACE95E72629371600A96237 /* Headers */,
				4ACE95E82629371600A96237 /* Sources */,
				4ACE95E92629371600A96237 /* Frameworks */,
				4ACE95EA2629371600A96237 /* Resources */,
			);
			buildRules = (
			);
			dependencies = (
			);
			name = PenballLib;
			productName = PenballLib;
			productReference = 4ACE95EC2629371600A96237 /* PenballLib.framework */;
			productType = "com.apple.product-type.framework";
		};
/* End PBXNativeTarget section */

/* Begin PBXProject section */
		4ACE95CC2629358F00A96237 /* Project object */ = {
			isa = PBXProject;
			attributes = {
				LastSwiftUpdateCheck = 1240;
				LastUpgradeCheck = 1240;
				TargetAttributes = {
					4ACE95D32629358F00A96237 = {
						CreatedOnToolsVersion = 12.4;
					};
					4ACE95EB2629371600A96237 = {
						CreatedOnToolsVersion = 12.4;
						LastSwiftMigration = 1240;
					};
				};
			};
			buildConfigurationList = 4ACE95CF2629358F00A96237 /* Build configuration list for PBXProject "Penball" */;
			compatibilityVersion = "Xcode 9.3";
			developmentRegion = en;
			hasScannedForEncodings = 0;
			knownRegions = (
				en,
				Base,
			);
			mainGroup = 4ACE95CB2629358F00A96237;
			productRefGroup = 4ACE95D52629358F00A96237 /* Products */;
			projectDirPath = "";
			projectRoot = "";
			targets = (
				4ACE95D32629358F00A96237 /* Penball */,
				4ACE95EB2629371600A96237 /* PenballLib */,
			);
		};
/* End PBXProject section */

/* Begin PBXResourcesBuildPhase section */
		4ACE95D22629358F00A96237 /* Resources */ = {
			isa = PBXResourcesBuildPhase;
			buildActionMask = 2147483647;
			files = (
				4ACE95DF2629359500A96237 /* Preview Assets.xcassets in Resources */,
				4A547A27262B637600185F7A /* MyScene.sks in Resources */,
				4ACE95DC2629359500A96237 /* Assets.xcassets in Resources */,
			);
			runOnlyForDeploymentPostprocessing = 0;
		};
		4ACE95EA2629371600A96237 /* Resources */ = {
			isa = PBXResourcesBuildPhase;
			buildActionMask = 2147483647;
			files = (
			);
			runOnlyForDeploymentPostprocessing = 0;
		};
/* End PBXResourcesBuildPhase section */

/* Begin PBXSourcesBuildPhase section */
		4ACE95D02629358F00A96237 /* Sources */ = {
			isa = PBXSourcesBuildPhase;
			buildActionMask = 2147483647;
			files = (
				4ACE95D82629358F00A96237 /* PenballApp.swift in Sources */,
			);
			runOnlyForDeploymentPostprocessing = 0;
		};
		4ACE95E82629371600A96237 /* Sources */ = {
			isa = PBXSourcesBuildPhase;
			buildActionMask = 2147483647;
			files = (
				4A5E5639262B5E350083CE43 /* PenballObjectType.swift in Sources */,
				4ACE96032629454900A96237 /* PenballSpriteView.swift in Sources */,
				4ACE95FB2629377700A96237 /* PenballView.swift in Sources */,
				4ACE9606262945C200A96237 /* PenballScene.swift in Sources */,
				4A5E5636262B3BEF0083CE43 /* PenballState.swift in Sources */,
				4ACE9609262946CD00A96237 /* PenballCanvasView.swift in Sources */,
			);
			runOnlyForDeploymentPostprocessing = 0;
		};
/* End PBXSourcesBuildPhase section */

/* Begin PBXTargetDependency section */
		4ACE95F22629371600A96237 /* PBXTargetDependency */ = {
			isa = PBXTargetDependency;
			target = 4ACE95EB2629371600A96237 /* PenballLib */;
			targetProxy = 4ACE95F12629371600A96237 /* PBXContainerItemProxy */;
		};
/* End PBXTargetDependency section */

/* Begin XCBuildConfiguration section */
		4ACE95E12629359500A96237 /* Debug */ = {
			isa = XCBuildConfiguration;
			buildSettings = {
				ALWAYS_SEARCH_USER_PATHS = NO;
				CLANG_ANALYZER_NONNULL = YES;
				CLANG_ANALYZER_NUMBER_OBJECT_CONVERSION = YES_AGGRESSIVE;
				CLANG_CXX_LANGUAGE_STANDARD = "gnu++14";
				CLANG_CXX_LIBRARY = "libc++";
				CLANG_ENABLE_MODULES = YES;
				CLANG_ENABLE_OBJC_ARC = YES;
				CLANG_ENABLE_OBJC_WEAK = YES;
				CLANG_WARN_BLOCK_CAPTURE_AUTORELEASING = YES;
				CLANG_WARN_BOOL_CONVERSION = YES;
				CLANG_WARN_COMMA = YES;
				CLANG_WARN_CONSTANT_CONVERSION = YES;
				CLANG_WARN_DEPRECATED_OBJC_IMPLEMENTATIONS = YES;
				CLANG_WARN_DIRECT_OBJC_ISA_USAGE = YES_ERROR;
				CLANG_WARN_DOCUMENTATION_COMMENTS = YES;
				CLANG_WARN_EMPTY_BODY = YES;
				CLANG_WARN_ENUM_CONVERSION = YES;
				CLANG_WARN_INFINITE_RECURSION = YES;
				CLANG_WARN_INT_CONVERSION = YES;
				CLANG_WARN_NON_LITERAL_NULL_CONVERSION = YES;
				CLANG_WARN_OBJC_IMPLICIT_RETAIN_SELF = YES;
				CLANG_WARN_OBJC_LITERAL_CONVERSION = YES;
				CLANG_WARN_OBJC_ROOT_CLASS = YES_ERROR;
				CLANG_WARN_QUOTED_INCLUDE_IN_FRAMEWORK_HEADER = YES;
				CLANG_WARN_RANGE_LOOP_ANALYSIS = YES;
				CLANG_WARN_STRICT_PROTOTYPES = YES;
				CLANG_WARN_SUSPICIOUS_MOVE = YES;
				CLANG_WARN_UNGUARDED_AVAILABILITY = YES_AGGRESSIVE;
				CLANG_WARN_UNREACHABLE_CODE = YES;
				CLANG_WARN__DUPLICATE_METHOD_MATCH = YES;
				COPY_PHASE_STRIP = NO;
				DEBUG_INFORMATION_FORMAT = dwarf;
				ENABLE_STRICT_OBJC_MSGSEND = YES;
				ENABLE_TESTABILITY = YES;
				GCC_C_LANGUAGE_STANDARD = gnu11;
				GCC_DYNAMIC_NO_PIC = NO;
				GCC_NO_COMMON_BLOCKS = YES;
				GCC_OPTIMIZATION_LEVEL = 0;
				GCC_PREPROCESSOR_DEFINITIONS = (
					"DEBUG=1",
					"$(inherited)",
				);
				GCC_WARN_64_TO_32_BIT_CONVERSION = YES;
				GCC_WARN_ABOUT_RETURN_TYPE = YES_ERROR;
				GCC_WARN_UNDECLARED_SELECTOR = YES;
				GCC_WARN_UNINITIALIZED_AUTOS = YES_AGGRESSIVE;
				GCC_WARN_UNUSED_FUNCTION = YES;
				GCC_WARN_UNUSED_VARIABLE = YES;
				IPHONEOS_DEPLOYMENT_TARGET = 14.4;
				MTL_ENABLE_DEBUG_INFO = INCLUDE_SOURCE;
				MTL_FAST_MATH = YES;
				ONLY_ACTIVE_ARCH = YES;
				SDKROOT = iphoneos;
				SWIFT_ACTIVE_COMPILATION_CONDITIONS = DEBUG;
				SWIFT_OPTIMIZATION_LEVEL = "-Onone";
			};
			name = Debug;
		};
		4ACE95E22629359500A96237 /* Release */ = {
			isa = XCBuildConfiguration;
			buildSettings = {
				ALWAYS_SEARCH_USER_PATHS = NO;
				CLANG_ANALYZER_NONNULL = YES;
				CLANG_ANALYZER_NUMBER_OBJECT_CONVERSION = YES_AGGRESSIVE;
				CLANG_CXX_LANGUAGE_STANDARD = "gnu++14";
				CLANG_CXX_LIBRARY = "libc++";
				CLANG_ENABLE_MODULES = YES;
				CLANG_ENABLE_OBJC_ARC = YES;
				CLANG_ENABLE_OBJC_WEAK = YES;
				CLANG_WARN_BLOCK_CAPTURE_AUTORELEASING = YES;
				CLANG_WARN_BOOL_CONVERSION = YES;
				CLANG_WARN_COMMA = YES;
				CLANG_WARN_CONSTANT_CONVERSION = YES;
				CLANG_WARN_DEPRECATED_OBJC_IMPLEMENTATIONS = YES;
				CLANG_WARN_DIRECT_OBJC_ISA_USAGE = YES_ERROR;
				CLANG_WARN_DOCUMENTATION_COMMENTS = YES;
				CLANG_WARN_EMPTY_BODY = YES;
				CLANG_WARN_ENUM_CONVERSION = YES;
				CLANG_WARN_INFINITE_RECURSION = YES;
				CLANG_WARN_INT_CONVERSION = YES;
				CLANG_WARN_NON_LITERAL_NULL_CONVERSION = YES;
				CLANG_WARN_OBJC_IMPLICIT_RETAIN_SELF = YES;
				CLANG_WARN_OBJC_LITERAL_CONVERSION = YES;
				CLANG_WARN_OBJC_ROOT_CLASS = YES_ERROR;
				CLANG_WARN_QUOTED_INCLUDE_IN_FRAMEWORK_HEADER = YES;
				CLANG_WARN_RANGE_LOOP_ANALYSIS = YES;
				CLANG_WARN_STRICT_PROTOTYPES = YES;
				CLANG_WARN_SUSPICIOUS_MOVE = YES;
				CLANG_WARN_UNGUARDED_AVAILABILITY = YES_AGGRESSIVE;
				CLANG_WARN_UNREACHABLE_CODE = YES;
				CLANG_WARN__DUPLICATE_METHOD_MATCH = YES;
				COPY_PHASE_STRIP = NO;
				DEBUG_INFORMATION_FORMAT = "dwarf-with-dsym";
				ENABLE_NS_ASSERTIONS = NO;
				ENABLE_STRICT_OBJC_MSGSEND = YES;
				GCC_C_LANGUAGE_STANDARD = gnu11;
				GCC_NO_COMMON_BLOCKS = YES;
				GCC_WARN_64_TO_32_BIT_CONVERSION = YES;
				GCC_WARN_ABOUT_RETURN_TYPE = YES_ERROR;
				GCC_WARN_UNDECLARED_SELECTOR = YES;
				GCC_WARN_UNINITIALIZED_AUTOS = YES_AGGRESSIVE;
				GCC_WARN_UNUSED_FUNCTION = YES;
				GCC_WARN_UNUSED_VARIABLE = YES;
				IPHONEOS_DEPLOYMENT_TARGET = 14.4;
				MTL_ENABLE_DEBUG_INFO = NO;
				MTL_FAST_MATH = YES;
				SDKROOT = iphoneos;
				SWIFT_COMPILATION_MODE = wholemodule;
				SWIFT_OPTIMIZATION_LEVEL = "-O";
				VALIDATE_PRODUCT = YES;
			};
			name = Release;
		};
		4ACE95E42629359500A96237 /* Debug */ = {
			isa = XCBuildConfiguration;
			buildSettings = {
				ALWAYS_EMBED_SWIFT_STANDARD_LIBRARIES = YES;
				ASSETCATALOG_COMPILER_APPICON_NAME = AppIcon;
				ASSETCATALOG_COMPILER_GLOBAL_ACCENT_COLOR_NAME = AccentColor;
				CODE_SIGN_ENTITLEMENTS = Penball/Penball.entitlements;
				CODE_SIGN_STYLE = Automatic;
				DEVELOPMENT_ASSET_PATHS = "\"Penball/Preview Content\"";
				DEVELOPMENT_TEAM = 9G475R3MEF;
				ENABLE_PREVIEWS = YES;
				INFOPLIST_FILE = Penball/Info.plist;
				IPHONEOS_DEPLOYMENT_TARGET = 14.1;
				"IPHONEOS_DEPLOYMENT_TARGET[sdk=macosx*]" = 14.2;
				LD_RUNPATH_SEARCH_PATHS = (
					"$(inherited)",
					"@executable_path/Frameworks",
				);
				PRODUCT_BUNDLE_IDENTIFIER = dev.anli.penball.Penball;
				PRODUCT_NAME = "$(TARGET_NAME)";
				SUPPORTS_MACCATALYST = YES;
				SWIFT_VERSION = 5.0;
				TARGETED_DEVICE_FAMILY = "1,2";
			};
			name = Debug;
		};
		4ACE95E52629359500A96237 /* Release */ = {
			isa = XCBuildConfiguration;
			buildSettings = {
				ALWAYS_EMBED_SWIFT_STANDARD_LIBRARIES = YES;
				ASSETCATALOG_COMPILER_APPICON_NAME = AppIcon;
				ASSETCATALOG_COMPILER_GLOBAL_ACCENT_COLOR_NAME = AccentColor;
				CODE_SIGN_ENTITLEMENTS = Penball/Penball.entitlements;
				CODE_SIGN_STYLE = Automatic;
				DEVELOPMENT_ASSET_PATHS = "\"Penball/Preview Content\"";
				DEVELOPMENT_TEAM = 9G475R3MEF;
				ENABLE_PREVIEWS = YES;
				INFOPLIST_FILE = Penball/Info.plist;
				IPHONEOS_DEPLOYMENT_TARGET = 14.1;
				"IPHONEOS_DEPLOYMENT_TARGET[sdk=macosx*]" = 14.2;
				LD_RUNPATH_SEARCH_PATHS = (
					"$(inherited)",
					"@executable_path/Frameworks",
				);
				PRODUCT_BUNDLE_IDENTIFIER = dev.anli.penball.Penball;
				PRODUCT_NAME = "$(TARGET_NAME)";
				SUPPORTS_MACCATALYST = YES;
				SWIFT_VERSION = 5.0;
				TARGETED_DEVICE_FAMILY = "1,2";
			};
			name = Release;
		};
		4ACE95F62629371600A96237 /* Debug */ = {
			isa = XCBuildConfiguration;
			buildSettings = {
				CLANG_ENABLE_MODULES = YES;
				CODE_SIGN_STYLE = Automatic;
				CURRENT_PROJECT_VERSION = 1;
				DEFINES_MODULE = YES;
				DEVELOPMENT_TEAM = 9G475R3MEF;
				DYLIB_COMPATIBILITY_VERSION = 1;
				DYLIB_CURRENT_VERSION = 1;
				DYLIB_INSTALL_NAME_BASE = "@rpath";
				INFOPLIST_FILE = PenballLib/Info.plist;
				INSTALL_PATH = "$(LOCAL_LIBRARY_DIR)/Frameworks";
				IPHONEOS_DEPLOYMENT_TARGET = 14.1;
				"IPHONEOS_DEPLOYMENT_TARGET[sdk=macosx*]" = 14.2;
				LD_RUNPATH_SEARCH_PATHS = (
					"$(inherited)",
					"@executable_path/Frameworks",
					"@loader_path/Frameworks",
				);
				PRODUCT_BUNDLE_IDENTIFIER = dev.anli.penball.PenballLib;
				PRODUCT_NAME = "$(TARGET_NAME:c99extidentifier)";
				SKIP_INSTALL = YES;
				SUPPORTS_MACCATALYST = YES;
				SWIFT_OPTIMIZATION_LEVEL = "-Onone";
				SWIFT_VERSION = 5.0;
				TARGETED_DEVICE_FAMILY = "1,2";
				VERSIONING_SYSTEM = "apple-generic";
				VERSION_INFO_PREFIX = "";
			};
			name = Debug;
		};
		4ACE95F72629371600A96237 /* Release */ = {
			isa = XCBuildConfiguration;
			buildSettings = {
				CLANG_ENABLE_MODULES = YES;
				CODE_SIGN_STYLE = Automatic;
				CURRENT_PROJECT_VERSION = 1;
				DEFINES_MODULE = YES;
				DEVELOPMENT_TEAM = 9G475R3MEF;
				DYLIB_COMPATIBILITY_VERSION = 1;
				DYLIB_CURRENT_VERSION = 1;
				DYLIB_INSTALL_NAME_BASE = "@rpath";
				INFOPLIST_FILE = PenballLib/Info.plist;
				INSTALL_PATH = "$(LOCAL_LIBRARY_DIR)/Frameworks";
				IPHONEOS_DEPLOYMENT_TARGET = 14.1;
				"IPHONEOS_DEPLOYMENT_TARGET[sdk=macosx*]" = 14.2;
				LD_RUNPATH_SEARCH_PATHS = (
					"$(inherited)",
					"@executable_path/Frameworks",
					"@loader_path/Frameworks",
				);
				PRODUCT_BUNDLE_IDENTIFIER = dev.anli.penball.PenballLib;
				PRODUCT_NAME = "$(TARGET_NAME:c99extidentifier)";
				SKIP_INSTALL = YES;
				SUPPORTS_MACCATALYST = YES;
				SWIFT_VERSION = 5.0;
				TARGETED_DEVICE_FAMILY = "1,2";
				VERSIONING_SYSTEM = "apple-generic";
				VERSION_INFO_PREFIX = "";
			};
			name = Release;
		};
/* End XCBuildConfiguration section */

/* Begin XCConfigurationList section */
		4ACE95CF2629358F00A96237 /* Build configuration list for PBXProject "Penball" */ = {
			isa = XCConfigurationList;
			buildConfigurations = (
				4ACE95E12629359500A96237 /* Debug */,
				4ACE95E22629359500A96237 /* Release */,
			);
			defaultConfigurationIsVisible = 0;
			defaultConfigurationName = Release;
		};
		4ACE95E32629359500A96237 /* Build configuration list for PBXNativeTarget "Penball" */ = {
			isa = XCConfigurationList;
			buildConfigurations = (
				4ACE95E42629359500A96237 /* Debug */,
				4ACE95E52629359500A96237 /* Release */,
			);
			defaultConfigurationIsVisible = 0;
			defaultConfigurationName = Release;
		};
		4ACE95F52629371600A96237 /* Build configuration list for PBXNativeTarget "PenballLib" */ = {
			isa = XCConfigurationList;
			buildConfigurations = (
				4ACE95F62629371600A96237 /* Debug */,
				4ACE95F72629371600A96237 /* Release */,
			);
			defaultConfigurationIsVisible = 0;
			defaultConfigurationName = Release;
		};
/* End XCConfigurationList section */
	};
	rootObject = 4ACE95CC2629358F00A96237 /* Project object */;
}
